
Microsoft Visual Studio Solution File, Format Version 12.00
# Visual Studio 11
Project("{FAE04EC0-301F-11D3-BF4B-00C04F79EFBC}") = "Ch04Ex02", "Ch04Ex02\Ch04Ex02.csproj", "{E962CC49-8462-4F75-AC44-2705082B5CAB}"
EndProject
Global
	GlobalSection(SolutionConfigurationPlatforms) = preSolution
		Debug|Any CPU = Debug|Any CPU
		Release|Any CPU = Release|Any CPU
	EndGlobalSection
	GlobalSection(ProjectConfigurationPlatforms) = postSolution
		{E962CC49-8462-4F75-AC44-2705082B5CAB}.Debug|Any CPU.ActiveCfg = Debug|Any CPU
		{E962CC49-8462-4F75-AC44-2705082B5CAB}.Debug|Any CPU.Build.0 = Debug|Any CPU
		{E962CC49-8462-4F75-AC44-2705082B5CAB}.Release|Any CPU.ActiveCfg = Release|Any CPU
		{E962CC49-8462-4F75-AC44-2705082B5CAB}.Release|Any CPU.Build.0 = Release|Any CPU
	EndGlobalSection
	GlobalSection(SolutionProperties) = preSolution
		HideSolutionNode = FALSE
	EndGlobalSection
EndGlobal
