
Microsoft Visual Studio Solution File, Format Version 12.00
# Visual Studio 11
Project("{FAE04EC0-301F-11D3-BF4B-00C04F79EFBC}") = "Ch06Ex04", "Ch06Ex04\Ch06Ex04.csproj", "{A2FB6D2D-735E-476F-BC2B-FF3A9812B3CB}"
EndProject
Global
	GlobalSection(SolutionConfigurationPlatforms) = preSolution
		Debug|Any CPU = Debug|Any CPU
		Release|Any CPU = Release|Any CPU
	EndGlobalSection
	GlobalSection(ProjectConfigurationPlatforms) = postSolution
		{A2FB6D2D-735E-476F-BC2B-FF3A9812B3CB}.Debug|Any CPU.ActiveCfg = Debug|Any CPU
		{A2FB6D2D-735E-476F-BC2B-FF3A9812B3CB}.Debug|Any CPU.Build.0 = Debug|Any CPU
		{A2FB6D2D-735E-476F-BC2B-FF3A9812B3CB}.Release|Any CPU.ActiveCfg = Release|Any CPU
		{A2FB6D2D-735E-476F-BC2B-FF3A9812B3CB}.Release|Any CPU.Build.0 = Release|Any CPU
	EndGlobalSection
	GlobalSection(SolutionProperties) = preSolution
		HideSolutionNode = FALSE
	EndGlobalSection
EndGlobal
