
Microsoft Visual Studio Solution File, Format Version 12.00
# Visual Studio 2012
Project("{FAE04EC0-301F-11D3-BF4B-00C04F79EFBC}") = "Ch07Ex02", "Ch07Ex02\Ch07Ex02.csproj", "{A99D0F5C-0F6B-40FD-83D8-6C60832481B4}"
EndProject
Global
	GlobalSection(SolutionConfigurationPlatforms) = preSolution
		Debug|Any CPU = Debug|Any CPU
		Release|Any CPU = Release|Any CPU
	EndGlobalSection
	GlobalSection(ProjectConfigurationPlatforms) = postSolution
		{A99D0F5C-0F6B-40FD-83D8-6C60832481B4}.Debug|Any CPU.ActiveCfg = Debug|Any CPU
		{A99D0F5C-0F6B-40FD-83D8-6C60832481B4}.Debug|Any CPU.Build.0 = Debug|Any CPU
		{A99D0F5C-0F6B-40FD-83D8-6C60832481B4}.Release|Any CPU.ActiveCfg = Release|Any CPU
		{A99D0F5C-0F6B-40FD-83D8-6C60832481B4}.Release|Any CPU.Build.0 = Release|Any CPU
	EndGlobalSection
	GlobalSection(SolutionProperties) = preSolution
		HideSolutionNode = FALSE
	EndGlobalSection
EndGlobal
